
Microsoft Visual Studio Solution File, Format Version 12.00
# Visual Studio 2013
VisualStudioVersion = 12.0.21005.1
MinimumVisualStudioVersion = 10.0.40219.1
Project("{2150E333-8FDC-42A3-9474-1A3956D46DE8}") = "2-展现层", "2-展现层", "{69509B01-C9B0-4514-AF12-BFD8CD660D58}"
EndProject
Project("{2150E333-8FDC-42A3-9474-1A3956D46DE8}") = "3-插件", "3-插件", "{96A3B594-DBA0-48B1-998B-11DC3EDEBCF7}"
EndProject
Project("{2150E333-8FDC-42A3-9474-1A3956D46DE8}") = "DemoPlugin", "DemoPlugin", "{FD31F699-80DF-4E31-91D1-7D4F23C06A58}"
EndProject
Project("{FAE04EC0-301F-11D3-BF4B-00C04F79EFBC}") = "OSharp.Plugin.Demo.Contracts", "OSharp.Plugin.Demo.Contracts\OSharp.Plugin.Demo.Contracts.csproj", "{A50179C9-83B6-4F0E-83EF-BD0EA9855720}"
EndProject
Project("{2150E333-8FDC-42A3-9474-1A3956D46DE8}") = "1-基础设施", "1-基础设施", "{C63DA527-178B-4865-A11C-6A61BEB6A925}"
EndProject
Project("{FAE04EC0-301F-11D3-BF4B-00C04F79EFBC}") = "OSharp.Core", "OSharp.Core\OSharp.Core.csproj", "{BEFD6D74-B010-4495-8B51-9FB503D0564A}"
EndProject
Project("{FAE04EC0-301F-11D3-BF4B-00C04F79EFBC}") = "OSharp.Utility", "OSharp.Utility\OSharp.Utility.csproj", "{63E43A57-C873-465A-8815-4A2A07E1DD53}"
EndProject
Project("{FAE04EC0-301F-11D3-BF4B-00C04F79EFBC}") = "OSharp.Plugin.Demo.Services", "OSharp.Plugin.Demo.Services\OSharp.Plugin.Demo.Services.csproj", "{2EC9FB73-6133-426E-9B17-A82FE5DFE9F9}"
EndProject
Project("{FAE04EC0-301F-11D3-BF4B-00C04F79EFBC}") = "OSharp.Plugin", "OSharp.Plugin\OSharp.Plugin.csproj", "{74345DA9-66BF-49F8-9998-A5D4DCFBB1A6}"
EndProject
Project("{FAE04EC0-301F-11D3-BF4B-00C04F79EFBC}") = "MvcWebFramework", "OSharp.Hosting.Web\MvcWebFramework.csproj", "{B5540621-BBAD-434A-9322-3D25E26D0EFB}"
EndProject
Project("{FAE04EC0-301F-11D3-BF4B-00C04F79EFBC}") = "OSharp.Plugin.Demo", "OSharp.Hosting.Web\Plugins\OSharp.Plugin.Demo\OSharp.Plugin.Demo.csproj", "{9B7A796F-8D72-43C0-BBAF-31D1FE9D71AE}"
EndProject
Project("{FAE04EC0-301F-11D3-BF4B-00C04F79EFBC}") = "OSharp.Core.Data.Entity", "OSharp.Core.Data.Entity\OSharp.Core.Data.Entity.csproj", "{CEBBCE70-AFF3-4FCB-B875-9F7A967E2AA6}"
EndProject
Project("{FAE04EC0-301F-11D3-BF4B-00C04F79EFBC}") = "OSharp.Test.Consoles", "OSharp.Test.Consoles\OSharp.Test.Consoles.csproj", "{465032A6-3854-4FC6-9EF7-1C0B4043E120}"
EndProject
Project("{2150E333-8FDC-42A3-9474-1A3956D46DE8}") = "Consoles", "Consoles", "{6CC683D5-A4AA-403F-A2AD-70F73669B90E}"
EndProject
Project("{FAE04EC0-301F-11D3-BF4B-00C04F79EFBC}") = "OSharp.Plugin.Calculator", "OSharp.Test.Consoles\bin\plugins\OSharp.Plugin.Calculator\OSharp.Plugin.Calculator.csproj", "{6E60978D-CADE-4BF2-BB9C-04898CBB0F08}"
EndProject
Project("{FAE04EC0-301F-11D3-BF4B-00C04F79EFBC}") = "OSharp.Plugin.Calculator2", "OSharp.Test.Consoles\bin\plugins\OSharp.Plugin.Calculator2\OSharp.Plugin.Calculator2.csproj", "{E99F7DCD-8E6F-433F-8744-F981CE89038B}"
EndProject
Project("{FAE04EC0-301F-11D3-BF4B-00C04F79EFBC}") = "OSharp.Test.AudioPlayerShell", "OSharp.Test.AudioPlayerShell\OSharp.Test.AudioPlayerShell.csproj", "{DABDB965-C621-46D0-9E9B-CA3EC4808CAE}"
EndProject
Project("{2150E333-8FDC-42A3-9474-1A3956D46DE8}") = "FormatServices", "FormatServices", "{3A467D86-C222-4112-A29A-ABF25ADA4B20}"
EndProject
Project("{FAE04EC0-301F-11D3-BF4B-00C04F79EFBC}") = "OSharp.Plugin.AudioFormatService", "OSharp.Test.Consoles\bin\plugins\FormatServices\OSharp.Plugin.AudioFormatService\OSharp.Plugin.AudioFormatService.csproj", "{12F300B5-27A5-4805-989B-5605BED02074}"
EndProject
Project("{2150E333-8FDC-42A3-9474-1A3956D46DE8}") = "FormatTypes", "FormatTypes", "{6EE26FBC-B254-4A56-BDAD-48C85B31ED2A}"
EndProject
Project("{2150E333-8FDC-42A3-9474-1A3956D46DE8}") = "Lossless", "Lossless", "{EBEEB832-4D53-4EDE-A2D1-337D8FAA9F82}"
EndProject
Project("{2150E333-8FDC-42A3-9474-1A3956D46DE8}") = "Lossy", "Lossy", "{F0405B90-4148-419A-8797-764542A13370}"
EndProject
Project("{FAE04EC0-301F-11D3-BF4B-00C04F79EFBC}") = "OSharp.Plugin.Lossless", "OSharp.Test.Consoles\bin\plugins\FormatTypes\Lossless\OSharp.Plugin.Lossless\OSharp.Plugin.Lossless.csproj", "{E056A64E-1C9B-4235-AC03-411F2BF4C89D}"
EndProject
Project("{FAE04EC0-301F-11D3-BF4B-00C04F79EFBC}") = "OSharp.Plugin.Lossy", "OSharp.Test.Consoles\bin\plugins\FormatTypes\Lossy\OSharp.Plugin.Lossy\OSharp.Plugin.Lossy.csproj", "{5AE1B7DD-3D95-47B9-9D2F-4C36104235D6}"
EndProject
Global
	GlobalSection(SolutionConfigurationPlatforms) = preSolution
		Debug|Any CPU = Debug|Any CPU
		Release|Any CPU = Release|Any CPU
	EndGlobalSection
	GlobalSection(ProjectConfigurationPlatforms) = postSolution
		{A50179C9-83B6-4F0E-83EF-BD0EA9855720}.Debug|Any CPU.ActiveCfg = Debug|Any CPU
		{A50179C9-83B6-4F0E-83EF-BD0EA9855720}.Debug|Any CPU.Build.0 = Debug|Any CPU
		{A50179C9-83B6-4F0E-83EF-BD0EA9855720}.Release|Any CPU.ActiveCfg = Release|Any CPU
		{A50179C9-83B6-4F0E-83EF-BD0EA9855720}.Release|Any CPU.Build.0 = Release|Any CPU
		{BEFD6D74-B010-4495-8B51-9FB503D0564A}.Debug|Any CPU.ActiveCfg = Debug|Any CPU
		{BEFD6D74-B010-4495-8B51-9FB503D0564A}.Debug|Any CPU.Build.0 = Debug|Any CPU
		{BEFD6D74-B010-4495-8B51-9FB503D0564A}.Release|Any CPU.ActiveCfg = Release|Any CPU
		{BEFD6D74-B010-4495-8B51-9FB503D0564A}.Release|Any CPU.Build.0 = Release|Any CPU
		{63E43A57-C873-465A-8815-4A2A07E1DD53}.Debug|Any CPU.ActiveCfg = Debug|Any CPU
		{63E43A57-C873-465A-8815-4A2A07E1DD53}.Debug|Any CPU.Build.0 = Debug|Any CPU
		{63E43A57-C873-465A-8815-4A2A07E1DD53}.Release|Any CPU.ActiveCfg = Release|Any CPU
		{63E43A57-C873-465A-8815-4A2A07E1DD53}.Release|Any CPU.Build.0 = Release|Any CPU
		{2EC9FB73-6133-426E-9B17-A82FE5DFE9F9}.Debug|Any CPU.ActiveCfg = Debug|Any CPU
		{2EC9FB73-6133-426E-9B17-A82FE5DFE9F9}.Debug|Any CPU.Build.0 = Debug|Any CPU
		{2EC9FB73-6133-426E-9B17-A82FE5DFE9F9}.Release|Any CPU.ActiveCfg = Release|Any CPU
		{2EC9FB73-6133-426E-9B17-A82FE5DFE9F9}.Release|Any CPU.Build.0 = Release|Any CPU
		{74345DA9-66BF-49F8-9998-A5D4DCFBB1A6}.Debug|Any CPU.ActiveCfg = Debug|Any CPU
		{74345DA9-66BF-49F8-9998-A5D4DCFBB1A6}.Debug|Any CPU.Build.0 = Debug|Any CPU
		{74345DA9-66BF-49F8-9998-A5D4DCFBB1A6}.Release|Any CPU.ActiveCfg = Release|Any CPU
		{74345DA9-66BF-49F8-9998-A5D4DCFBB1A6}.Release|Any CPU.Build.0 = Release|Any CPU
		{B5540621-BBAD-434A-9322-3D25E26D0EFB}.Debug|Any CPU.ActiveCfg = Debug|Any CPU
		{B5540621-BBAD-434A-9322-3D25E26D0EFB}.Debug|Any CPU.Build.0 = Debug|Any CPU
		{B5540621-BBAD-434A-9322-3D25E26D0EFB}.Release|Any CPU.ActiveCfg = Release|Any CPU
		{B5540621-BBAD-434A-9322-3D25E26D0EFB}.Release|Any CPU.Build.0 = Release|Any CPU
		{9B7A796F-8D72-43C0-BBAF-31D1FE9D71AE}.Debug|Any CPU.ActiveCfg = Debug|Any CPU
		{9B7A796F-8D72-43C0-BBAF-31D1FE9D71AE}.Debug|Any CPU.Build.0 = Debug|Any CPU
		{9B7A796F-8D72-43C0-BBAF-31D1FE9D71AE}.Release|Any CPU.ActiveCfg = Release|Any CPU
		{9B7A796F-8D72-43C0-BBAF-31D1FE9D71AE}.Release|Any CPU.Build.0 = Release|Any CPU
		{CEBBCE70-AFF3-4FCB-B875-9F7A967E2AA6}.Debug|Any CPU.ActiveCfg = Debug|Any CPU
		{CEBBCE70-AFF3-4FCB-B875-9F7A967E2AA6}.Debug|Any CPU.Build.0 = Debug|Any CPU
		{CEBBCE70-AFF3-4FCB-B875-9F7A967E2AA6}.Release|Any CPU.ActiveCfg = Release|Any CPU
		{CEBBCE70-AFF3-4FCB-B875-9F7A967E2AA6}.Release|Any CPU.Build.0 = Release|Any CPU
		{465032A6-3854-4FC6-9EF7-1C0B4043E120}.Debug|Any CPU.ActiveCfg = Debug|Any CPU
		{465032A6-3854-4FC6-9EF7-1C0B4043E120}.Debug|Any CPU.Build.0 = Debug|Any CPU
		{465032A6-3854-4FC6-9EF7-1C0B4043E120}.Release|Any CPU.ActiveCfg = Release|Any CPU
		{465032A6-3854-4FC6-9EF7-1C0B4043E120}.Release|Any CPU.Build.0 = Release|Any CPU
		{6E60978D-CADE-4BF2-BB9C-04898CBB0F08}.Debug|Any CPU.ActiveCfg = Debug|Any CPU
		{6E60978D-CADE-4BF2-BB9C-04898CBB0F08}.Debug|Any CPU.Build.0 = Debug|Any CPU
		{6E60978D-CADE-4BF2-BB9C-04898CBB0F08}.Release|Any CPU.ActiveCfg = Release|Any CPU
		{6E60978D-CADE-4BF2-BB9C-04898CBB0F08}.Release|Any CPU.Build.0 = Release|Any CPU
		{E99F7DCD-8E6F-433F-8744-F981CE89038B}.Debug|Any CPU.ActiveCfg = Debug|Any CPU
		{E99F7DCD-8E6F-433F-8744-F981CE89038B}.Debug|Any CPU.Build.0 = Debug|Any CPU
		{E99F7DCD-8E6F-433F-8744-F981CE89038B}.Release|Any CPU.ActiveCfg = Release|Any CPU
		{E99F7DCD-8E6F-433F-8744-F981CE89038B}.Release|Any CPU.Build.0 = Release|Any CPU
		{DABDB965-C621-46D0-9E9B-CA3EC4808CAE}.Debug|Any CPU.ActiveCfg = Debug|Any CPU
		{DABDB965-C621-46D0-9E9B-CA3EC4808CAE}.Debug|Any CPU.Build.0 = Debug|Any CPU
		{DABDB965-C621-46D0-9E9B-CA3EC4808CAE}.Release|Any CPU.ActiveCfg = Release|Any CPU
		{DABDB965-C621-46D0-9E9B-CA3EC4808CAE}.Release|Any CPU.Build.0 = Release|Any CPU
		{12F300B5-27A5-4805-989B-5605BED02074}.Debug|Any CPU.ActiveCfg = Debug|Any CPU
		{12F300B5-27A5-4805-989B-5605BED02074}.Debug|Any CPU.Build.0 = Debug|Any CPU
		{12F300B5-27A5-4805-989B-5605BED02074}.Release|Any CPU.ActiveCfg = Release|Any CPU
		{12F300B5-27A5-4805-989B-5605BED02074}.Release|Any CPU.Build.0 = Release|Any CPU
		{E056A64E-1C9B-4235-AC03-411F2BF4C89D}.Debug|Any CPU.ActiveCfg = Debug|Any CPU
		{E056A64E-1C9B-4235-AC03-411F2BF4C89D}.Debug|Any CPU.Build.0 = Debug|Any CPU
		{E056A64E-1C9B-4235-AC03-411F2BF4C89D}.Release|Any CPU.ActiveCfg = Release|Any CPU
		{E056A64E-1C9B-4235-AC03-411F2BF4C89D}.Release|Any CPU.Build.0 = Release|Any CPU
		{5AE1B7DD-3D95-47B9-9D2F-4C36104235D6}.Debug|Any CPU.ActiveCfg = Debug|Any CPU
		{5AE1B7DD-3D95-47B9-9D2F-4C36104235D6}.Debug|Any CPU.Build.0 = Debug|Any CPU
		{5AE1B7DD-3D95-47B9-9D2F-4C36104235D6}.Release|Any CPU.ActiveCfg = Release|Any CPU
		{5AE1B7DD-3D95-47B9-9D2F-4C36104235D6}.Release|Any CPU.Build.0 = Release|Any CPU
	EndGlobalSection
	GlobalSection(SolutionProperties) = preSolution
		HideSolutionNode = FALSE
	EndGlobalSection
	GlobalSection(NestedProjects) = preSolution
		{B5540621-BBAD-434A-9322-3D25E26D0EFB} = {69509B01-C9B0-4514-AF12-BFD8CD660D58}
		{465032A6-3854-4FC6-9EF7-1C0B4043E120} = {69509B01-C9B0-4514-AF12-BFD8CD660D58}
		{DABDB965-C621-46D0-9E9B-CA3EC4808CAE} = {69509B01-C9B0-4514-AF12-BFD8CD660D58}
		{FD31F699-80DF-4E31-91D1-7D4F23C06A58} = {96A3B594-DBA0-48B1-998B-11DC3EDEBCF7}
		{6CC683D5-A4AA-403F-A2AD-70F73669B90E} = {96A3B594-DBA0-48B1-998B-11DC3EDEBCF7}
		{A50179C9-83B6-4F0E-83EF-BD0EA9855720} = {FD31F699-80DF-4E31-91D1-7D4F23C06A58}
		{2EC9FB73-6133-426E-9B17-A82FE5DFE9F9} = {FD31F699-80DF-4E31-91D1-7D4F23C06A58}
		{9B7A796F-8D72-43C0-BBAF-31D1FE9D71AE} = {FD31F699-80DF-4E31-91D1-7D4F23C06A58}
		{BEFD6D74-B010-4495-8B51-9FB503D0564A} = {C63DA527-178B-4865-A11C-6A61BEB6A925}
		{63E43A57-C873-465A-8815-4A2A07E1DD53} = {C63DA527-178B-4865-A11C-6A61BEB6A925}
		{74345DA9-66BF-49F8-9998-A5D4DCFBB1A6} = {C63DA527-178B-4865-A11C-6A61BEB6A925}
		{CEBBCE70-AFF3-4FCB-B875-9F7A967E2AA6} = {C63DA527-178B-4865-A11C-6A61BEB6A925}
		{6E60978D-CADE-4BF2-BB9C-04898CBB0F08} = {6CC683D5-A4AA-403F-A2AD-70F73669B90E}
		{E99F7DCD-8E6F-433F-8744-F981CE89038B} = {6CC683D5-A4AA-403F-A2AD-70F73669B90E}
		{3A467D86-C222-4112-A29A-ABF25ADA4B20} = {6CC683D5-A4AA-403F-A2AD-70F73669B90E}
		{6EE26FBC-B254-4A56-BDAD-48C85B31ED2A} = {6CC683D5-A4AA-403F-A2AD-70F73669B90E}
		{12F300B5-27A5-4805-989B-5605BED02074} = {3A467D86-C222-4112-A29A-ABF25ADA4B20}
		{EBEEB832-4D53-4EDE-A2D1-337D8FAA9F82} = {6EE26FBC-B254-4A56-BDAD-48C85B31ED2A}
		{F0405B90-4148-419A-8797-764542A13370} = {6EE26FBC-B254-4A56-BDAD-48C85B31ED2A}
		{E056A64E-1C9B-4235-AC03-411F2BF4C89D} = {EBEEB832-4D53-4EDE-A2D1-337D8FAA9F82}
		{5AE1B7DD-3D95-47B9-9D2F-4C36104235D6} = {F0405B90-4148-419A-8797-764542A13370}
	EndGlobalSection
EndGlobal
